// !$*UTF8*$!
{
	archiveVersion = 1;
	classes = {
	};
	objectVersion = 46;
	objects = {

/* Begin PBXBuildFile section */
		A50A30961E8B0ED700CD4F74 /* AppDelegate.swift in Sources */ = {isa = PBXBuildFile; fileRef = A50A30951E8B0ED700CD4F74 /* AppDelegate.swift */; };
		A50A309B1E8B0ED700CD4F74 /* Main.storyboard in Resources */ = {isa = PBXBuildFile; fileRef = A50A30991E8B0ED700CD4F74 /* Main.storyboard */; };
		A50A30A01E8B0ED700CD4F74 /* LaunchScreen.storyboard in Resources */ = {isa = PBXBuildFile; fileRef = A50A309E1E8B0ED700CD4F74 /* LaunchScreen.storyboard */; };
		A50A30A81E8B103700CD4F74 /* MoviesViewController.swift in Sources */ = {isa = PBXBuildFile; fileRef = A50A30A71E8B103700CD4F74 /* MoviesViewController.swift */; };
		A50A30AB1E8B92C700CD4F74 /* MovieCell.swift in Sources */ = {isa = PBXBuildFile; fileRef = A50A30AA1E8B92C700CD4F74 /* MovieCell.swift */; };
		A51E71631E8D89FB0097B4A7 /* DetailViewController.swift in Sources */ = {isa = PBXBuildFile; fileRef = A51E71621E8D89FB0097B4A7 /* DetailViewController.swift */; };
		A51E71651E9029470097B4A7 /* Assets.xcassets in Resources */ = {isa = PBXBuildFile; fileRef = A51E71641E9029470097B4A7 /* Assets.xcassets */; };
		A51E71671E9032540097B4A7 /* Contents.json in Resources */ = {isa = PBXBuildFile; fileRef = A51E71661E9032540097B4A7 /* Contents.json */; };
		C979FEBBADB76074F42F84B7 /* Pods_Flicks.framework in Frameworks */ = {isa = PBXBuildFile; fileRef = 221080E59672DD3A5894E71E /* Pods_Flicks.framework */; };
/* End PBXBuildFile section */

/* Begin PBXFileReference section */
		221080E59672DD3A5894E71E /* Pods_Flicks.framework */ = {isa = PBXFileReference; explicitFileType = wrapper.framework; includeInIndex = 0; path = Pods_Flicks.framework; sourceTree = BUILT_PRODUCTS_DIR; };
		6915C21805DD0C6963B0BD0E /* Pods-Flicks.release.xcconfig */ = {isa = PBXFileReference; includeInIndex = 1; lastKnownFileType = text.xcconfig; name = "Pods-Flicks.release.xcconfig"; path = "Pods/Target Support Files/Pods-Flicks/Pods-Flicks.release.xcconfig"; sourceTree = "<group>"; };
		9FC04E7F6F5109EC683CA757 /* Pods-Flicks.debug.xcconfig */ = {isa = PBXFileReference; includeInIndex = 1; lastKnownFileType = text.xcconfig; name = "Pods-Flicks.debug.xcconfig"; path = "Pods/Target Support Files/Pods-Flicks/Pods-Flicks.debug.xcconfig"; sourceTree = "<group>"; };
		A50A30921E8B0ED700CD4F74 /* Flicks.app */ = {isa = PBXFileReference; explicitFileType = wrapper.application; includeInIndex = 0; path = Flicks.app; sourceTree = BUILT_PRODUCTS_DIR; };
		A50A30951E8B0ED700CD4F74 /* AppDelegate.swift */ = {isa = PBXFileReference; lastKnownFileType = sourcecode.swift; path = AppDelegate.swift; sourceTree = "<group>"; };
		A50A309A1E8B0ED700CD4F74 /* Base */ = {isa = PBXFileReference; lastKnownFileType = file.storyboard; name = Base; path = Base.lproj/Main.storyboard; sourceTree = "<group>"; };
		A50A309F1E8B0ED700CD4F74 /* Base */ = {isa = PBXFileReference; lastKnownFileType = file.storyboard; name = Base; path = Base.lproj/LaunchScreen.storyboard; sourceTree = "<group>"; };
		A50A30A11E8B0ED700CD4F74 /* Info.plist */ = {isa = PBXFileReference; lastKnownFileType = text.plist.xml; path = Info.plist; sourceTree = "<group>"; };
		A50A30A71E8B103700CD4F74 /* MoviesViewController.swift */ = {isa = PBXFileReference; fileEncoding = 4; lastKnownFileType = sourcecode.swift; path = MoviesViewController.swift; sourceTree = "<group>"; };
		A50A30AA1E8B92C700CD4F74 /* MovieCell.swift */ = {isa = PBXFileReference; fileEncoding = 4; lastKnownFileType = sourcecode.swift; path = MovieCell.swift; sourceTree = "<group>"; };
		A51E71621E8D89FB0097B4A7 /* DetailViewController.swift */ = {isa = PBXFileReference; fileEncoding = 4; lastKnownFileType = sourcecode.swift; path = DetailViewController.swift; sourceTree = "<group>"; };
		A51E71641E9029470097B4A7 /* Assets.xcassets */ = {isa = PBXFileReference; lastKnownFileType = folder.assetcatalog; name = Assets.xcassets; path = /Users/gezimao/Documents/codepathUniv/Flicks/Flicks/Assets.xcassets; sourceTree = "<absolute>"; };
		A51E71661E9032540097B4A7 /* Contents.json */ = {isa = PBXFileReference; fileEncoding = 4; lastKnownFileType = text.json; name = Contents.json; path = Assets.xcassets/Contents.json; sourceTree = "<group>"; };
/* End PBXFileReference section */

/* Begin PBXFrameworksBuildPhase section */
		A50A308F1E8B0ED600CD4F74 /* Frameworks */ = {
			isa = PBXFrameworksBuildPhase;
			buildActionMask = 2147483647;
			files = (
				C979FEBBADB76074F42F84B7 /* Pods_Flicks.framework in Frameworks */,
			);
			runOnlyForDeploymentPostprocessing = 0;
		};
/* End PBXFrameworksBuildPhase section */

/* Begin PBXGroup section */
		29A9DA1CF182C435CFC891BC /* Frameworks */ = {
			isa = PBXGroup;
			children = (
				221080E59672DD3A5894E71E /* Pods_Flicks.framework */,
			);
			name = Frameworks;
			sourceTree = "<group>";
		};
		A50A30891E8B0ED600CD4F74 = {
			isa = PBXGroup;
			children = (
				A50A30941E8B0ED700CD4F74 /* Flicks */,
				A50A30931E8B0ED700CD4F74 /* Products */,
				B3061E7692DA92E62D9BCCC9 /* Pods */,
				29A9DA1CF182C435CFC891BC /* Frameworks */,
			);
			sourceTree = "<group>";
		};
		A50A30931E8B0ED700CD4F74 /* Products */ = {
			isa = PBXGroup;
			children = (
				A50A30921E8B0ED700CD4F74 /* Flicks.app */,
			);
			name = Products;
			sourceTree = "<group>";
		};
		A50A30941E8B0ED700CD4F74 /* Flicks */ = {
			isa = PBXGroup;
			children = (
				A50A30AC1E8B92D300CD4F74 /* view controllers */,
				A50A30A91E8B928C00CD4F74 /* Views */,
				A50A30951E8B0ED700CD4F74 /* AppDelegate.swift */,
				A50A30991E8B0ED700CD4F74 /* Main.storyboard */,
				A50A309E1E8B0ED700CD4F74 /* LaunchScreen.storyboard */,
				A50A30A11E8B0ED700CD4F74 /* Info.plist */,
			);
			path = Flicks;
			sourceTree = "<group>";
		};
		A50A30A91E8B928C00CD4F74 /* Views */ = {
			isa = PBXGroup;
			children = (
				A50A30AA1E8B92C700CD4F74 /* MovieCell.swift */,
			);
			name = Views;
			sourceTree = "<group>";
		};
		A50A30AC1E8B92D300CD4F74 /* view controllers */ = {
			isa = PBXGroup;
			children = (
				A50A30A71E8B103700CD4F74 /* MoviesViewController.swift */,
				A51E71621E8D89FB0097B4A7 /* DetailViewController.swift */,
				A51E71641E9029470097B4A7 /* Assets.xcassets */,
				A51E71661E9032540097B4A7 /* Contents.json */,
			);
			name = "view controllers";
			sourceTree = "<group>";
		};
		B3061E7692DA92E62D9BCCC9 /* Pods */ = {
			isa = PBXGroup;
			children = (
				9FC04E7F6F5109EC683CA757 /* Pods-Flicks.debug.xcconfig */,
				6915C21805DD0C6963B0BD0E /* Pods-Flicks.release.xcconfig */,
			);
			name = Pods;
			sourceTree = "<group>";
		};
/* End PBXGroup section */

/* Begin PBXNativeTarget section */
		A50A30911E8B0ED600CD4F74 /* Flicks */ = {
			isa = PBXNativeTarget;
			buildConfigurationList = A50A30A41E8B0ED700CD4F74 /* Build configuration list for PBXNativeTarget "Flicks" */;
			buildPhases = (
				AEE358BD1E3567C13A62204C /* [CP] Check Pods Manifest.lock */,
				A50A308E1E8B0ED600CD4F74 /* Sources */,
				A50A308F1E8B0ED600CD4F74 /* Frameworks */,
				A50A30901E8B0ED600CD4F74 /* Resources */,
				FD3E9A764770BFA6A1B56C66 /* [CP] Embed Pods Frameworks */,
				23C7E473405415843AC03F0E /* [CP] Copy Pods Resources */,
			);
			buildRules = (
			);
			dependencies = (
			);
			name = Flicks;
			productName = Flicks;
			productReference = A50A30921E8B0ED700CD4F74 /* Flicks.app */;
			productType = "com.apple.product-type.application";
		};
/* End PBXNativeTarget section */

/* Begin PBXProject section */
		A50A308A1E8B0ED600CD4F74 /* Project object */ = {
			isa = PBXProject;
			attributes = {
				LastSwiftUpdateCheck = 0820;
				LastUpgradeCheck = 0820;
				ORGANIZATIONNAME = "Rui Mao";
				TargetAttributes = {
					A50A30911E8B0ED600CD4F74 = {
						CreatedOnToolsVersion = 8.2.1;
						DevelopmentTeam = BDVS636UPQ;
						ProvisioningStyle = Automatic;
					};
				};
			};
			buildConfigurationList = A50A308D1E8B0ED600CD4F74 /* Build configuration list for PBXProject "Flicks" */;
			compatibilityVersion = "Xcode 3.2";
			developmentRegion = English;
			hasScannedForEncodings = 0;
			knownRegions = (
				en,
				Base,
			);
			mainGroup = A50A30891E8B0ED600CD4F74;
			productRefGroup = A50A30931E8B0ED700CD4F74 /* Products */;
			projectDirPath = "";
			projectRoot = "";
			targets = (
				A50A30911E8B0ED600CD4F74 /* Flicks */,
			);
		};
/* End PBXProject section */

/* Begin PBXResourcesBuildPhase section */
		A50A30901E8B0ED600CD4F74 /* Resources */ = {
			isa = PBXResourcesBuildPhase;
			buildActionMask = 2147483647;
			files = (
				A50A30A01E8B0ED700CD4F74 /* LaunchScreen.storyboard in Resources */,
				A51E71651E9029470097B4A7 /* Assets.xcassets in Resources */,
				A50A309B1E8B0ED700CD4F74 /* Main.storyboard in Resources */,
				A51E71671E9032540097B4A7 /* Contents.json in Resources */,
			);
			runOnlyForDeploymentPostprocessing = 0;
		};
/* End PBXResourcesBuildPhase section */

/* Begin PBXShellScriptBuildPhase section */
		23C7E473405415843AC03F0E /* [CP] Copy Pods Resources */ = {
			isa = PBXShellScriptBuildPhase;
			buildActionMask = 2147483647;
			files = (
			);
			inputPaths = (
			);
			name = "[CP] Copy Pods Resources";
			outputPaths = (
			);
			runOnlyForDeploymentPostprocessing = 0;
			shellPath = /bin/sh;
			shellScript = "\"${SRCROOT}/Pods/Target Support Files/Pods-Flicks/Pods-Flicks-resources.sh\"\n";
			showEnvVarsInLog = 0;
		};
		AEE358BD1E3567C13A62204C /* [CP] Check Pods Manifest.lock */ = {
			isa = PBXShellScriptBuildPhase;
			buildActionMask = 2147483647;
			files = (
			);
			inputPaths = (
			);
			name = "[CP] Check Pods Manifest.lock";
			outputPaths = (
			);
			runOnlyForDeploymentPostprocessing = 0;
			shellPath = /bin/sh;
			shellScript = "diff \"${PODS_ROOT}/../Podfile.lock\" \"${PODS_ROOT}/Manifest.lock\" > /dev/null\nif [ $? != 0 ] ; then\n    # print error to STDERR\n    echo \"error: The sandbox is not in sync with the Podfile.lock. Run 'pod install' or update your CocoaPods installation.\" >&2\n    exit 1\nfi\n";
			showEnvVarsInLog = 0;
		};
		FD3E9A764770BFA6A1B56C66 /* [CP] Embed Pods Frameworks */ = {
			isa = PBXShellScriptBuildPhase;
			buildActionMask = 2147483647;
			files = (
			);
			inputPaths = (
			);
			name = "[CP] Embed Pods Frameworks";
			outputPaths = (
			);
			runOnlyForDeploymentPostprocessing = 0;
			shellPath = /bin/sh;
			shellScript = "\"${SRCROOT}/Pods/Target Support Files/Pods-Flicks/Pods-Flicks-frameworks.sh\"\n";
			showEnvVarsInLog = 0;
		};
/* End PBXShellScriptBuildPhase section */

/* Begin PBXSourcesBuildPhase section */
		A50A308E1E8B0ED600CD4F74 /* Sources */ = {
			isa = PBXSourcesBuildPhase;
			buildActionMask = 2147483647;
			files = (
				A50A30961E8B0ED700CD4F74 /* AppDelegate.swift in Sources */,
				A50A30A81E8B103700CD4F74 /* MoviesViewController.swift in Sources */,
				A50A30AB1E8B92C700CD4F74 /* MovieCell.swift in Sources */,
				A51E71631E8D89FB0097B4A7 /* DetailViewController.swift in Sources */,
			);
			runOnlyForDeploymentPostprocessing = 0;
		};
/* End PBXSourcesBuildPhase section */

/* Begin PBXVariantGroup section */
		A50A30991E8B0ED700CD4F74 /* Main.storyboard */ = {
			isa = PBXVariantGroup;
			children = (
				A50A309A1E8B0ED700CD4F74 /* Base */,
			);
			name = Main.storyboard;
			sourceTree = "<group>";
		};
		A50A309E1E8B0ED700CD4F74 /* LaunchScreen.storyboard */ = {
			isa = PBXVariantGroup;
			children = (
				A50A309F1E8B0ED700CD4F74 /* Base */,
			);
			name = LaunchScreen.storyboard;
			sourceTree = "<group>";
		};
/* End PBXVariantGroup section */

/* Begin XCBuildConfiguration section */
		A50A30A21E8B0ED700CD4F74 /* Debug */ = {
			isa = XCBuildConfiguration;
			buildSettings = {
				ALWAYS_SEARCH_USER_PATHS = NO;
				CLANG_ANALYZER_NONNULL = YES;
				CLANG_CXX_LANGUAGE_STANDARD = "gnu++0x";
				CLANG_CXX_LIBRARY = "libc++";
				CLANG_ENABLE_MODULES = YES;
				CLANG_ENABLE_OBJC_ARC = YES;
				CLANG_WARN_BOOL_CONVERSION = YES;
				CLANG_WARN_CONSTANT_CONVERSION = YES;
				CLANG_WARN_DIRECT_OBJC_ISA_USAGE = YES_ERROR;
				CLANG_WARN_DOCUMENTATION_COMMENTS = YES;
				CLANG_WARN_EMPTY_BODY = YES;
				CLANG_WARN_ENUM_CONVERSION = YES;
				CLANG_WARN_INFINITE_RECURSION = YES;
				CLANG_WARN_INT_CONVERSION = YES;
				CLANG_WARN_OBJC_ROOT_CLASS = YES_ERROR;
				CLANG_WARN_SUSPICIOUS_MOVE = YES;
				CLANG_WARN_UNREACHABLE_CODE = YES;
				CLANG_WARN__DUPLICATE_METHOD_MATCH = YES;
				"CODE_SIGN_IDENTITY[sdk=iphoneos*]" = "iPhone Developer";
				COPY_PHASE_STRIP = NO;
				DEBUG_INFORMATION_FORMAT = dwarf;
				ENABLE_STRICT_OBJC_MSGSEND = YES;
				ENABLE_TESTABILITY = YES;
				GCC_C_LANGUAGE_STANDARD = gnu99;
				GCC_DYNAMIC_NO_PIC = NO;
				GCC_NO_COMMON_BLOCKS = YES;
				GCC_OPTIMIZATION_LEVEL = 0;
				GCC_PREPROCESSOR_DEFINITIONS = (
					"DEBUG=1",
					"$(inherited)",
				);
				GCC_WARN_64_TO_32_BIT_CONVERSION = YES;
				GCC_WARN_ABOUT_RETURN_TYPE = YES_ERROR;
				GCC_WARN_UNDECLARED_SELECTOR = YES;
				GCC_WARN_UNINITIALIZED_AUTOS = YES_AGGRESSIVE;
				GCC_WARN_UNUSED_FUNCTION = YES;
				GCC_WARN_UNUSED_VARIABLE = YES;
				IPHONEOS_DEPLOYMENT_TARGET = 10.2;
				MTL_ENABLE_DEBUG_INFO = YES;
				ONLY_ACTIVE_ARCH = YES;
				SDKROOT = iphoneos;
				SWIFT_ACTIVE_COMPILATION_CONDITIONS = DEBUG;
				SWIFT_OPTIMIZATION_LEVEL = "-Onone";
			};
			name = Debug;
		};
		A50A30A31E8B0ED700CD4F74 /* Release */ = {
			isa = XCBuildConfiguration;
			buildSettings = {
				ALWAYS_SEARCH_USER_PATHS = NO;
				CLANG_ANALYZER_NONNULL = YES;
				CLANG_CXX_LANGUAGE_STANDARD = "gnu++0x";
				CLANG_CXX_LIBRARY = "libc++";
				CLANG_ENABLE_MODULES = YES;
				CLANG_ENABLE_OBJC_ARC = YES;
				CLANG_WARN_BOOL_CONVERSION = YES;
				CLANG_WARN_CONSTANT_CONVERSION = YES;
				CLANG_WARN_DIRECT_OBJC_ISA_USAGE = YES_ERROR;
				CLANG_WARN_DOCUMENTATION_COMMENTS = YES;
				CLANG_WARN_EMPTY_BODY = YES;
				CLANG_WARN_ENUM_CONVERSION = YES;
				CLANG_WARN_INFINITE_RECURSION = YES;
				CLANG_WARN_INT_CONVERSION = YES;
				CLANG_WARN_OBJC_ROOT_CLASS = YES_ERROR;
				CLANG_WARN_SUSPICIOUS_MOVE = YES;
				CLANG_WARN_UNREACHABLE_CODE = YES;
				CLANG_WARN__DUPLICATE_METHOD_MATCH = YES;
				"CODE_SIGN_IDENTITY[sdk=iphoneos*]" = "iPhone Developer";
				COPY_PHASE_STRIP = NO;
				DEBUG_INFORMATION_FORMAT = "dwarf-with-dsym";
				ENABLE_NS_ASSERTIONS = NO;
				ENABLE_STRICT_OBJC_MSGSEND = YES;
				GCC_C_LANGUAGE_STANDARD = gnu99;
				GCC_NO_COMMON_BLOCKS = YES;
				GCC_WARN_64_TO_32_BIT_CONVERSION = YES;
				GCC_WARN_ABOUT_RETURN_TYPE = YES_ERROR;
				GCC_WARN_UNDECLARED_SELECTOR = YES;
				GCC_WARN_UNINITIALIZED_AUTOS = YES_AGGRESSIVE;
				GCC_WARN_UNUSED_FUNCTION = YES;
				GCC_WARN_UNUSED_VARIABLE = YES;
				IPHONEOS_DEPLOYMENT_TARGET = 10.2;
				MTL_ENABLE_DEBUG_INFO = NO;
				SDKROOT = iphoneos;
				SWIFT_OPTIMIZATION_LEVEL = "-Owholemodule";
				VALIDATE_PRODUCT = YES;
			};
			name = Release;
		};
		A50A30A51E8B0ED700CD4F74 /* Debug */ = {
			isa = XCBuildConfiguration;
			baseConfigurationReference = 9FC04E7F6F5109EC683CA757 /* Pods-Flicks.debug.xcconfig */;
			buildSettings = {
				ASSETCATALOG_COMPILER_APPICON_NAME = AppIcon;
				DEVELOPMENT_TEAM = BDVS636UPQ;
				INFOPLIST_FILE = Flicks/Info.plist;
				LD_RUNPATH_SEARCH_PATHS = "$(inherited) @executable_path/Frameworks";
				PRODUCT_BUNDLE_IDENTIFIER = rmao.Flicks;
				PRODUCT_NAME = "$(TARGET_NAME)";
				SWIFT_VERSION = 3.0;
			};
			name = Debug;
		};
		A50A30A61E8B0ED700CD4F74 /* Release */ = {
			isa = XCBuildConfiguration;
			baseConfigurationReference = 6915C21805DD0C6963B0BD0E /* Pods-Flicks.release.xcconfig */;
			buildSettings = {
				ASSETCATALOG_COMPILER_APPICON_NAME = AppIcon;
				DEVELOPMENT_TEAM = BDVS636UPQ;
				INFOPLIST_FILE = Flicks/Info.plist;
				LD_RUNPATH_SEARCH_PATHS = "$(inherited) @executable_path/Frameworks";
				PRODUCT_BUNDLE_IDENTIFIER = rmao.Flicks;
				PRODUCT_NAME = "$(TARGET_NAME)";
				SWIFT_VERSION = 3.0;
			};
			name = Release;
		};
/* End XCBuildConfiguration section */

/* Begin XCConfigurationList section */
		A50A308D1E8B0ED600CD4F74 /* Build configuration list for PBXProject "Flicks" */ = {
			isa = XCConfigurationList;
			buildConfigurations = (
				A50A30A21E8B0ED700CD4F74 /* Debug */,
				A50A30A31E8B0ED700CD4F74 /* Release */,
			);
			defaultConfigurationIsVisible = 0;
			defaultConfigurationName = Release;
		};
		A50A30A41E8B0ED700CD4F74 /* Build configuration list for PBXNativeTarget "Flicks" */ = {
			isa = XCConfigurationList;
			buildConfigurations = (
				A50A30A51E8B0ED700CD4F74 /* Debug */,
				A50A30A61E8B0ED700CD4F74 /* Release */,
			);
			defaultConfigurationIsVisible = 0;
			defaultConfigurationName = Release;
		};
/* End XCConfigurationList section */
	};
	rootObject = A50A308A1E8B0ED600CD4F74 /* Project object */;
}
